# THIS IS AN AUTOGENERATED FILE. DO NOT EDIT THIS FILE DIRECTLY.
# yarn lockfile v1


"@babel/runtime@^7.23.2", "@babel/runtime@^7.27.6", "@babel/runtime@^7.28.4":
  version "7.28.4"
  resolved "https://registry.yarnpkg.com/@babel/runtime/-/runtime-7.28.4.tgz#a70226016fabe25c5783b2f22d3e1c9bc5ca3326"
  integrity sha512-Q/N6JNWvIvPnLDvjlE1OUBLPQHH6l3CltCEsHIujp45zQUSSh8K+gHnaEX45yAT1nyngnINhvWtzN+Nb9D8RAQ==

"@types/hoist-non-react-statics@^3.3.6":
  version "3.3.7"
  resolved "https://registry.yarnpkg.com/@types/hoist-non-react-statics/-/hoist-non-react-statics-3.3.7.tgz#306e3a3a73828522efa1341159da4846e7573a6c"
  integrity sha512-PQTyIulDkIDro8P+IHbKCsw7U2xxBYflVzW/FgWdCAePD9xGSidgA76/GeJ6lBKoblyhf9pBY763gbrN+1dI8g==
  dependencies:
    hoist-non-react-statics "^3.3.0"

core-js@^3:
  version "3.47.0"
  resolved "https://registry.yarnpkg.com/core-js/-/core-js-3.47.0.tgz#436ef07650e191afeb84c24481b298bd60eb4a17"
  integrity sha512-c3Q2VVkGAUyupsjRnaNX6u8Dq2vAdzm9iuPj5FW0fRxzlxgq9Q39MDq10IvmQSpLgHQNyQzQmOo6bgGHmH3NNg==

hoist-non-react-statics@^3.3.0, hoist-non-react-statics@^3.3.2:
  version "3.3.2"
  resolved "https://registry.yarnpkg.com/hoist-non-react-statics/-/hoist-non-react-statics-3.3.2.tgz#ece0acaf71d62c2969c2ec59feff42a4b1a85b45"
  integrity sha512-/gGivxi8JPKWNm/W0jSmzcMPpfpPLc3dY/6GxhX2hQ9iGj3aDfklV4ET7NjKpSinLpJ5vafa9iiGIEZg10SfBw==
  dependencies:
    react-is "^16.7.0"

html-parse-stringify@^3.0.1:
  version "3.0.1"
  resolved "https://registry.yarnpkg.com/html-parse-stringify/-/html-parse-stringify-3.0.1.tgz#dfc1017347ce9f77c8141a507f233040c59c55d2"
  integrity sha512-KknJ50kTInJ7qIScF3jeaFRpMpE8/lfiTdzf/twXyPBLAGrLRTmkz3AdTnKeh40X8k9L2fdYwEp/42WGXIRGcg==
  dependencies:
    void-elements "3.1.0"

i18next-fs-backend@^2.6.0:
  version "2.6.1"
  resolved "https://registry.yarnpkg.com/i18next-fs-backend/-/i18next-fs-backend-2.6.1.tgz#bb352278136f47599783308df29f0a1b6a0d08b6"
  integrity sha512-eYWTX7QT7kJ0sZyCPK6x1q+R63zvNKv2D6UdbMf15A8vNb2ZLyw4NNNZxPFwXlIv/U+oUtg8SakW6ZgJZcoqHQ==

i18next@^25.7.2:
  version "25.7.2"
  resolved "https://registry.yarnpkg.com/i18next/-/i18next-25.7.2.tgz#870c43b94a54f43bd80d15e5f836be5bbeca5949"
  integrity sha512-58b4kmLpLv1buWUEwegMDUqZVR5J+rT+WTRFaBGL7lxDuJQQ0NrJFrq+eT2N94aYVR1k1Sr13QITNOL88tZCuw==
  dependencies:
    "@babel/runtime" "^7.28.4"

next-i18next@^15.4.3:
  version "15.4.3"
  resolved "https://registry.yarnpkg.com/next-i18next/-/next-i18next-15.4.3.tgz#2d9aae8fddf2de1cab5336f95dc69569506bcd9c"
  integrity sha512-ZRmiz72o1Jvh2ZghCUQX1Ua5F/f2W1/Ila/L1ZeKVuSWiH7J4zfUedfDxNBEhj9lajREC7aoJuPXMFtKi2bdIg==
  dependencies:
    "@babel/runtime" "^7.23.2"
    "@types/hoist-non-react-statics" "^3.3.6"
    core-js "^3"
    hoist-non-react-statics "^3.3.2"
    i18next-fs-backend "^2.6.0"

react-i18next@^16.5.0:
  version "16.5.0"
  resolved "https://registry.yarnpkg.com/react-i18next/-/react-i18next-16.5.0.tgz#107e4323742344a2f8792feb905cea551da6fd2c"
  integrity sha512-IMpPTyCTKxEj8klCrLKUTIUa8uYTd851+jcu2fJuUB9Agkk9Qq8asw4omyeHVnOXHrLgQJGTm5zTvn8HpaPiqw==
  dependencies:
    "@babel/runtime" "^7.27.6"
    html-parse-stringify "^3.0.1"
    use-sync-external-store "^1.6.0"

react-icons@^5.5.0:
  version "5.5.0"
  resolved "https://registry.yarnpkg.com/react-icons/-/react-icons-5.5.0.tgz#8aa25d3543ff84231685d3331164c00299cdfaf2"
  integrity sha512-MEFcXdkP3dLo8uumGI5xN3lDFNsRtrjbOEKDLD7yv76v4wpnEq2Lt2qeHaQOr34I/wPN3s3+N08WkQ+CW37Xiw==

react-is@^16.7.0:
  version "16.13.1"
  resolved "https://registry.yarnpkg.com/react-is/-/react-is-16.13.1.tgz#789729a4dc36de2999dc156dd6c1d9c18cea56a4"
  integrity sha512-24e6ynE2H+OKt4kqsOvNd8kBpV65zoxbA4BVsEOB3ARVWQki/DHzaUoC5KuON/BiccDaCCTZBuOcfZs70kR8bQ==

use-sync-external-store@^1.6.0:
  version "1.6.0"
  resolved "https://registry.yarnpkg.com/use-sync-external-store/-/use-sync-external-store-1.6.0.tgz#b174bfa65cb2b526732d9f2ac0a408027876f32d"
  integrity sha512-Pp6GSwGP/NrPIrxVFAIkOQeyw8lFenOHijQWkUTrDvrF4ALqylP2C/KCkeS9dpUM3KvYRQhna5vt7IL95+ZQ9w==

void-elements@3.1.0:
  version "3.1.0"
  resolved "https://registry.yarnpkg.com/void-elements/-/void-elements-3.1.0.tgz#614f7fbf8d801f0bb5f0661f5b2f5785750e4f09"
  integrity sha512-Dhxzh5HZuiHQhbvTW9AMetFfBHDMYpo23Uo9btPXgdYP+3T5S+p+jgNy7spra+veYhBP2dCSgxR/i2Y02h5/6w==
